
Microsoft Visual Studio Solution File, Format Version 12.00
# Visual Studio Version 16
VisualStudioVersion = 16.0.31424.327
MinimumVisualStudioVersion = 10.0.40219.1
Project("{FAE04EC0-301F-11D3-BF4B-00C04F79EFBC}") = "FundooNotes", "FundooNotes\FundooNotes.csproj", "{5FF33D3F-D325-4009-8521-1195537D67FA}"
EndProject
Project("{FAE04EC0-301F-11D3-BF4B-00C04F79EFBC}") = "Manager", "Manager\Manager.csproj", "{D7755B71-E9B7-4B4F-8CAA-DE8AA5BD33DF}"
EndProject
Project("{FAE04EC0-301F-11D3-BF4B-00C04F79EFBC}") = "Repository", "Repository\Repository.csproj", "{074FDEC9-E95C-4CAF-8A54-13A3D0495090}"
EndProject
Project("{FAE04EC0-301F-11D3-BF4B-00C04F79EFBC}") = "Models", "Models\Models.csproj", "{23C073BF-B2AC-480A-8D6E-8CCBCCEC7349}"
EndProject
Global
	GlobalSection(SolutionConfigurationPlatforms) = preSolution
		Debug|Any CPU = Debug|Any CPU
		Release|Any CPU = Release|Any CPU
	EndGlobalSection
	GlobalSection(ProjectConfigurationPlatforms) = postSolution
		{5FF33D3F-D325-4009-8521-1195537D67FA}.Debug|Any CPU.ActiveCfg = Debug|Any CPU
		{5FF33D3F-D325-4009-8521-1195537D67FA}.Debug|Any CPU.Build.0 = Debug|Any CPU
		{5FF33D3F-D325-4009-8521-1195537D67FA}.Release|Any CPU.ActiveCfg = Release|Any CPU
		{5FF33D3F-D325-4009-8521-1195537D67FA}.Release|Any CPU.Build.0 = Release|Any CPU
		{D7755B71-E9B7-4B4F-8CAA-DE8AA5BD33DF}.Debug|Any CPU.ActiveCfg = Debug|Any CPU
		{D7755B71-E9B7-4B4F-8CAA-DE8AA5BD33DF}.Debug|Any CPU.Build.0 = Debug|Any CPU
		{D7755B71-E9B7-4B4F-8CAA-DE8AA5BD33DF}.Release|Any CPU.ActiveCfg = Release|Any CPU
		{D7755B71-E9B7-4B4F-8CAA-DE8AA5BD33DF}.Release|Any CPU.Build.0 = Release|Any CPU
		{074FDEC9-E95C-4CAF-8A54-13A3D0495090}.Debug|Any CPU.ActiveCfg = Debug|Any CPU
		{074FDEC9-E95C-4CAF-8A54-13A3D0495090}.Debug|Any CPU.Build.0 = Debug|Any CPU
		{074FDEC9-E95C-4CAF-8A54-13A3D0495090}.Release|Any CPU.ActiveCfg = Release|Any CPU
		{074FDEC9-E95C-4CAF-8A54-13A3D0495090}.Release|Any CPU.Build.0 = Release|Any CPU
		{23C073BF-B2AC-480A-8D6E-8CCBCCEC7349}.Debug|Any CPU.ActiveCfg = Debug|Any CPU
		{23C073BF-B2AC-480A-8D6E-8CCBCCEC7349}.Debug|Any CPU.Build.0 = Debug|Any CPU
		{23C073BF-B2AC-480A-8D6E-8CCBCCEC7349}.Release|Any CPU.ActiveCfg = Release|Any CPU
		{23C073BF-B2AC-480A-8D6E-8CCBCCEC7349}.Release|Any CPU.Build.0 = Release|Any CPU
	EndGlobalSection
	GlobalSection(SolutionProperties) = preSolution
		HideSolutionNode = FALSE
	EndGlobalSection
	GlobalSection(ExtensibilityGlobals) = postSolution
		SolutionGuid = {E78ECCC8-F7BE-487C-9F01-60C0126D6B9A}
	EndGlobalSection
EndGlobal
